
Microsoft Visual Studio Solution File, Format Version 12.00
# Visual Studio 15
VisualStudioVersion = 15.0.28307.705
MinimumVisualStudioVersion = 10.0.40219.1
Project("{FAE04EC0-301F-11D3-BF4B-00C04F79EFBC}") = "EJERCITACION", "EJERCITACION\EJERCITACION.csproj", "{2BF85AF9-8460-4015-A0C1-B0D46A9B5CEB}"
EndProject
Global
	GlobalSection(SolutionConfigurationPlatforms) = preSolution
		Debug|Any CPU = Debug|Any CPU
		Release|Any CPU = Release|Any CPU
	EndGlobalSection
	GlobalSection(ProjectConfigurationPlatforms) = postSolution
		{2BF85AF9-8460-4015-A0C1-B0D46A9B5CEB}.Debug|Any CPU.ActiveCfg = Debug|Any CPU
		{2BF85AF9-8460-4015-A0C1-B0D46A9B5CEB}.Debug|Any CPU.Build.0 = Debug|Any CPU
		{2BF85AF9-8460-4015-A0C1-B0D46A9B5CEB}.Release|Any CPU.ActiveCfg = Release|Any CPU
		{2BF85AF9-8460-4015-A0C1-B0D46A9B5CEB}.Release|Any CPU.Build.0 = Release|Any CPU
	EndGlobalSection
	GlobalSection(SolutionProperties) = preSolution
		HideSolutionNode = FALSE
	EndGlobalSection
	GlobalSection(ExtensibilityGlobals) = postSolution
		SolutionGuid = {3BC61900-A030-49B4-BB0B-94E566AB357C}
	EndGlobalSection
EndGlobal
